Microsoft Visual Studio Solution File, Format Version 12.00
# Visual Studio Version 17
VisualStudioVersion = 17.14.36414.22
MinimumVisualStudioVersion = 10.0.40219.1
Project("{2150E333-8FDC-42A3-9474-1A3956D46DE8}") = "01_Startup", "01_Startup", "{02EA681E-C7D8-13C7-8484-4AC65E1B71E8}"
EndProject
Project("{2150E333-8FDC-42A3-9474-1A3956D46DE8}") = "02_Infrastructure", "02_Infrastructure", "{DF901A49-3BFB-4AA1-8597-07060B1E774D}"
EndProject
Project("{2150E333-8FDC-42A3-9474-1A3956D46DE8}") = "03_Core", "03_Core", "{0BCE2866-E058-4D14-9DEC-F325A839BA3D}"
EndProject
Project("{2150E333-8FDC-42A3-9474-1A3956D46DE8}") = "04_Services", "04_Services", "{75527E4A-19E6-4F05-BAE9-703FAC4C704A}"
EndProject
Project("{2150E333-8FDC-42A3-9474-1A3956D46DE8}") = "05_Modules", "05_Modules", "{54AD9277-ED3E-4541-A230-A8C609DE62AD}"
EndProject
Project("{2150E333-8FDC-42A3-9474-1A3956D46DE8}") = "06_Tools", "06_Tools", "{63A75168-FF67-4BB0-9609-A72A37CF776F}"
EndProject
Project("{FAE04EC0-301F-11D3-BF4B-00C04F79EFBC}") = "ProductionLineManage.Host", "01_Startup\ProductionLineManage.Host\ProductionLineManage.Host.csproj", "{66E18B27-B410-4629-B370-1446E75D450F}"
EndProject
Project("{FAE04EC0-301F-11D3-BF4B-00C04F79EFBC}") = "ProductionLineManage.Infrastructure", "02_Infrastructure\ProductionLineManage.Infrastructure\ProductionLineManage.Infrastructure.csproj", "{2778D557-A79F-4FD0-821A-3B02BBF23EA0}"
EndProject
Project("{FAE04EC0-301F-11D3-BF4B-00C04F79EFBC}") = "ProductionLineManage.Shared", "02_Infrastructure\ProductionLineManage.Shared\ProductionLineManage.Shared.csproj", "{8C4A1D2E-6B7F-4A90-9C31-2E5F8A7B6D4C}"
EndProject
Project("{FAE04EC0-301F-11D3-BF4B-00C04F79EFBC}") = "ProductionLineManage.Core", "03_Core\ProductionLineManage.Core\ProductionLineManage.Core.csproj", "{3F6B2A91-4C8D-4E17-B5A2-9D0E1C4F7A83}"
EndProject
Project("{FAE04EC0-301F-11D3-BF4B-00C04F79EFBC}") = "ProductionLineManage.Services", "04_Services\ProductionLineManage.Services\ProductionLineManage.Services.csproj", "{A12C9E44-8B5F-4D26-91E3-7C6A0B2D5F18}"
EndProject
Project("{FAE04EC0-301F-11D3-BF4B-00C04F79EFBC}") = "DeviceModule", "05_Modules\DeviceModule\DeviceModule.csproj", "{B7E4C1A0-2D59-4F83-A16E-5C9B8D0F3A27}"
EndProject
Project("{FAE04EC0-301F-11D3-BF4B-00C04F79EFBC}") = "WorkmanshipModule", "05_Modules\WorkmanshipModule\WorkmanshipModule.csproj", "{C8F5D2B1-3E60-4094-B27F-6D0C9E1A4B38}"
EndProject
Project("{FAE04EC0-301F-11D3-BF4B-00C04F79EFBC}") = "MaterialModule", "05_Modules\MaterialModule\MaterialModule.csproj", "{D9A6E3C2-4F71-41A5-C38A-7E1D0F2B5C49}"
EndProject
Project("{FAE04EC0-301F-11D3-BF4B-00C04F79EFBC}") = "ProductionModule", "05_Modules\ProductionModule\ProductionModule.csproj", "{E0B7F4D3-5082-42B6-D49B-8F2E1A3C6D5A}"
EndProject
Project("{FAE04EC0-301F-11D3-BF4B-00C04F79EFBC}") = "ReportModule", "05_Modules\ReportModule\ReportModule.csproj", "{F1C8A5E4-6193-43C7-E5AC-9A3F2B4D7E6B}"
EndProject
Project("{2150E333-8FDC-42A3-9474-1A3956D46DE8}") = "Lines", "Lines", "{1235689A-F966-4D64-A86C-D6EB46207FB6}"
EndProject
Project("{FAE04EC0-301F-11D3-BF4B-00C04F79EFBC}") = "ProductionLineManage.Line.RLD19145", "04_Services\Lines\ProductionLineManage.Line.RLD19145\ProductionLineManage.Line.RLD19145.csproj", "{BAB7FB60-D7EF-E57D-5B6E-573FA3E01EE1}"
EndProject
Global
	GlobalSection(SolutionConfigurationPlatforms) = preSolution
		Debug|Any CPU = Debug|Any CPU
		Release|Any CPU = Release|Any CPU
	EndGlobalSection
	GlobalSection(ProjectConfigurationPlatforms) = postSolution
		{66E18B27-B410-4629-B370-1446E75D450F}.Debug|Any CPU.ActiveCfg = Debug|Any CPU
		{66E18B27-B410-4629-B370-1446E75D450F}.Debug|Any CPU.Build.0 = Debug|Any CPU
		{66E18B27-B410-4629-B370-1446E75D450F}.Release|Any CPU.ActiveCfg = Release|Any CPU
		{66E18B27-B410-4629-B370-1446E75D450F}.Release|Any CPU.Build.0 = Release|Any CPU
		{2778D557-A79F-4FD0-821A-3B02BBF23EA0}.Debug|Any CPU.ActiveCfg = Debug|Any CPU
		{2778D557-A79F-4FD0-821A-3B02BBF23EA0}.Debug|Any CPU.Build.0 = Debug|Any CPU
		{2778D557-A79F-4FD0-821A-3B02BBF23EA0}.Release|Any CPU.ActiveCfg = Release|Any CPU
		{2778D557-A79F-4FD0-821A-3B02BBF23EA0}.Release|Any CPU.Build.0 = Release|Any CPU
		{8C4A1D2E-6B7F-4A90-9C31-2E5F8A7B6D4C}.Debug|Any CPU.ActiveCfg = Debug|Any CPU
		{8C4A1D2E-6B7F-4A90-9C31-2E5F8A7B6D4C}.Debug|Any CPU.Build.0 = Debug|Any CPU
		{8C4A1D2E-6B7F-4A90-9C31-2E5F8A7B6D4C}.Release|Any CPU.ActiveCfg = Release|Any CPU
		{8C4A1D2E-6B7F-4A90-9C31-2E5F8A7B6D4C}.Release|Any CPU.Build.0 = Release|Any CPU
		{3F6B2A91-4C8D-4E17-B5A2-9D0E1C4F7A83}.Debug|Any CPU.ActiveCfg = Debug|Any CPU
		{3F6B2A91-4C8D-4E17-B5A2-9D0E1C4F7A83}.Debug|Any CPU.Build.0 = Debug|Any CPU
		{3F6B2A91-4C8D-4E17-B5A2-9D0E1C4F7A83}.Release|Any CPU.ActiveCfg = Release|Any CPU
		{3F6B2A91-4C8D-4E17-B5A2-9D0E1C4F7A83}.Release|Any CPU.Build.0 = Release|Any CPU
		{A12C9E44-8B5F-4D26-91E3-7C6A0B2D5F18}.Debug|Any CPU.ActiveCfg = Debug|Any CPU
		{A12C9E44-8B5F-4D26-91E3-7C6A0B2D5F18}.Debug|Any CPU.Build.0 = Debug|Any CPU
		{A12C9E44-8B5F-4D26-91E3-7C6A0B2D5F18}.Release|Any CPU.ActiveCfg = Release|Any CPU
		{A12C9E44-8B5F-4D26-91E3-7C6A0B2D5F18}.Release|Any CPU.Build.0 = Release|Any CPU
		{B7E4C1A0-2D59-4F83-A16E-5C9B8D0F3A27}.Debug|Any CPU.ActiveCfg = Debug|Any CPU
		{B7E4C1A0-2D59-4F83-A16E-5C9B8D0F3A27}.Debug|Any CPU.Build.0 = Debug|Any CPU
		{B7E4C1A0-2D59-4F83-A16E-5C9B8D0F3A27}.Release|Any CPU.ActiveCfg = Release|Any CPU
		{B7E4C1A0-2D59-4F83-A16E-5C9B8D0F3A27}.Release|Any CPU.Build.0 = Release|Any CPU
		{C8F5D2B1-3E60-4094-B27F-6D0C9E1A4B38}.Debug|Any CPU.ActiveCfg = Debug|Any CPU
		{C8F5D2B1-3E60-4094-B27F-6D0C9E1A4B38}.Debug|Any CPU.Build.0 = Debug|Any CPU
		{C8F5D2B1-3E60-4094-B27F-6D0C9E1A4B38}.Release|Any CPU.ActiveCfg = Release|Any CPU
		{C8F5D2B1-3E60-4094-B27F-6D0C9E1A4B38}.Release|Any CPU.Build.0 = Release|Any CPU
		{D9A6E3C2-4F71-41A5-C38A-7E1D0F2B5C49}.Debug|Any CPU.ActiveCfg = Debug|Any CPU
		{D9A6E3C2-4F71-41A5-C38A-7E1D0F2B5C49}.Debug|Any CPU.Build.0 = Debug|Any CPU
		{D9A6E3C2-4F71-41A5-C38A-7E1D0F2B5C49}.Release|Any CPU.ActiveCfg = Release|Any CPU
		{D9A6E3C2-4F71-41A5-C38A-7E1D0F2B5C49}.Release|Any CPU.Build.0 = Release|Any CPU
		{E0B7F4D3-5082-42B6-D49B-8F2E1A3C6D5A}.Debug|Any CPU.ActiveCfg = Debug|Any CPU
		{E0B7F4D3-5082-42B6-D49B-8F2E1A3C6D5A}.Debug|Any CPU.Build.0 = Debug|Any CPU
		{E0B7F4D3-5082-42B6-D49B-8F2E1A3C6D5A}.Release|Any CPU.ActiveCfg = Release|Any CPU
		{E0B7F4D3-5082-42B6-D49B-8F2E1A3C6D5A}.Release|Any CPU.Build.0 = Release|Any CPU
		{F1C8A5E4-6193-43C7-E5AC-9A3F2B4D7E6B}.Debug|Any CPU.ActiveCfg = Debug|Any CPU
		{F1C8A5E4-6193-43C7-E5AC-9A3F2B4D7E6B}.Debug|Any CPU.Build.0 = Debug|Any CPU
		{F1C8A5E4-6193-43C7-E5AC-9A3F2B4D7E6B}.Release|Any CPU.ActiveCfg = Release|Any CPU
		{F1C8A5E4-6193-43C7-E5AC-9A3F2B4D7E6B}.Release|Any CPU.Build.0 = Release|Any CPU
		{BAB7FB60-D7EF-E57D-5B6E-573FA3E01EE1}.Debug|Any CPU.ActiveCfg = Debug|Any CPU
		{BAB7FB60-D7EF-E57D-5B6E-573FA3E01EE1}.Debug|Any CPU.Build.0 = Debug|Any CPU
		{BAB7FB60-D7EF-E57D-5B6E-573FA3E01EE1}.Release|Any CPU.ActiveCfg = Release|Any CPU
		{BAB7FB60-D7EF-E57D-5B6E-573FA3E01EE1}.Release|Any CPU.Build.0 = Release|Any CPU
	EndGlobalSection
	GlobalSection(SolutionProperties) = preSolution
		HideSolutionNode = FALSE
	EndGlobalSection
	GlobalSection(NestedProjects) = preSolution
		{66E18B27-B410-4629-B370-1446E75D450F} = {02EA681E-C7D8-13C7-8484-4AC65E1B71E8}
		{2778D557-A79F-4FD0-821A-3B02BBF23EA0} = {DF901A49-3BFB-4AA1-8597-07060B1E774D}
		{8C4A1D2E-6B7F-4A90-9C31-2E5F8A7B6D4C} = {DF901A49-3BFB-4AA1-8597-07060B1E774D}
		{3F6B2A91-4C8D-4E17-B5A2-9D0E1C4F7A83} = {0BCE2866-E058-4D14-9DEC-F325A839BA3D}
		{A12C9E44-8B5F-4D26-91E3-7C6A0B2D5F18} = {75527E4A-19E6-4F05-BAE9-703FAC4C704A}
		{B7E4C1A0-2D59-4F83-A16E-5C9B8D0F3A27} = {54AD9277-ED3E-4541-A230-A8C609DE62AD}
		{C8F5D2B1-3E60-4094-B27F-6D0C9E1A4B38} = {54AD9277-ED3E-4541-A230-A8C609DE62AD}
		{D9A6E3C2-4F71-41A5-C38A-7E1D0F2B5C49} = {54AD9277-ED3E-4541-A230-A8C609DE62AD}
		{E0B7F4D3-5082-42B6-D49B-8F2E1A3C6D5A} = {54AD9277-ED3E-4541-A230-A8C609DE62AD}
		{F1C8A5E4-6193-43C7-E5AC-9A3F2B4D7E6B} = {54AD9277-ED3E-4541-A230-A8C609DE62AD}
		{1235689A-F966-4D64-A86C-D6EB46207FB6} = {75527E4A-19E6-4F05-BAE9-703FAC4C704A}
		{BAB7FB60-D7EF-E57D-5B6E-573FA3E01EE1} = {1235689A-F966-4D64-A86C-D6EB46207FB6}
	EndGlobalSection
	GlobalSection(ExtensibilityGlobals) = postSolution
		SolutionGuid = {C3E8A91B-2F64-4D17-9B50-8A1C6E4D7F20}
	EndGlobalSection
EndGlobal
